{
  "name": "autifyme",
  "version": "1.0.0",
  "lockfileVersion": 3,
  "requires": true,
  "packages": {
    "": {
      "name": "autifyme",
      "version": "1.0.0",
      "license": "MIT",
      "dependencies": {
        "@vercel/python": "^5.0.9"
      }
    },
    "node_modules/@vercel/python": {
      "version": "5.0.9",
      "resolved": "https://registry.npmjs.org/@vercel/python/-/python-5.0.9.tgz",
      "integrity": "sha512-dZ7nLAXvLWN/H6ZFmZu0uDUURNELEoXzGq77sOW0TsHivfBdTpfad6O1O2zPz/P29Pv00Nv9pW+ZQFiimUYwcQ==",
      "license": "Apache-2.0"
    }
  }
}
